
Microsoft Visual Studio Solution File, Format Version 12.00
# Visual Studio 15
VisualStudioVersion = 15.0.27004.2006
MinimumVisualStudioVersion = 10.0.40219.1
Project("{FAE04EC0-301F-11D3-BF4B-00C04F79EFBC}") = "dbmodelexcel", "dbmodelexcel\dbmodelexcel.csproj", "{9C8DDA61-806F-49C8-96FA-9C7EC6B4D624}"
EndProject
Global
	GlobalSection(SolutionConfigurationPlatforms) = preSolution
		Debug|Any CPU = Debug|Any CPU
		Release|Any CPU = Release|Any CPU
	EndGlobalSection
	GlobalSection(ProjectConfigurationPlatforms) = postSolution
		{9C8DDA61-806F-49C8-96FA-9C7EC6B4D624}.Debug|Any CPU.ActiveCfg = Debug|Any CPU
		{9C8DDA61-806F-49C8-96FA-9C7EC6B4D624}.Debug|Any CPU.Build.0 = Debug|Any CPU
		{9C8DDA61-806F-49C8-96FA-9C7EC6B4D624}.Release|Any CPU.ActiveCfg = Release|Any CPU
		{9C8DDA61-806F-49C8-96FA-9C7EC6B4D624}.Release|Any CPU.Build.0 = Release|Any CPU
	EndGlobalSection
	GlobalSection(SolutionProperties) = preSolution
		HideSolutionNode = FALSE
	EndGlobalSection
	GlobalSection(ExtensibilityGlobals) = postSolution
		SolutionGuid = {84DF7769-F145-4CD0-9DD2-73E718E274BA}
	EndGlobalSection
EndGlobal
